
Microsoft Visual Studio Solution File, Format Version 12.00
# Visual Studio Version 16
VisualStudioVersion = 16.0.31515.178
MinimumVisualStudioVersion = 10.0.40219.1
Project("{FAE04EC0-301F-11D3-BF4B-00C04F79EFBC}") = "StudentLib", "StudentLib\StudentLib.csproj", "{87B15660-B392-4C05-B63C-E51F30C60AF3}"
EndProject
Project("{FAE04EC0-301F-11D3-BF4B-00C04F79EFBC}") = "StudentDBLib", "StudentDBLib\StudentDBLib.csproj", "{DC864408-03F8-49D3-A0DA-9377AA64EC1D}"
EndProject
Project("{FAE04EC0-301F-11D3-BF4B-00C04F79EFBC}") = "StudentWebAPI", "StudentWebAPI\StudentWebAPI.csproj", "{DDDBA5C6-F438-457D-8BB6-5CD91ADCBC69}"
EndProject
Global
	GlobalSection(SolutionConfigurationPlatforms) = preSolution
		Debug|Any CPU = Debug|Any CPU
		Release|Any CPU = Release|Any CPU
	EndGlobalSection
	GlobalSection(ProjectConfigurationPlatforms) = postSolution
		{87B15660-B392-4C05-B63C-E51F30C60AF3}.Debug|Any CPU.ActiveCfg = Debug|Any CPU
		{87B15660-B392-4C05-B63C-E51F30C60AF3}.Debug|Any CPU.Build.0 = Debug|Any CPU
		{87B15660-B392-4C05-B63C-E51F30C60AF3}.Release|Any CPU.ActiveCfg = Release|Any CPU
		{87B15660-B392-4C05-B63C-E51F30C60AF3}.Release|Any CPU.Build.0 = Release|Any CPU
		{DC864408-03F8-49D3-A0DA-9377AA64EC1D}.Debug|Any CPU.ActiveCfg = Debug|Any CPU
		{DC864408-03F8-49D3-A0DA-9377AA64EC1D}.Debug|Any CPU.Build.0 = Debug|Any CPU
		{DC864408-03F8-49D3-A0DA-9377AA64EC1D}.Release|Any CPU.ActiveCfg = Release|Any CPU
		{DC864408-03F8-49D3-A0DA-9377AA64EC1D}.Release|Any CPU.Build.0 = Release|Any CPU
		{DDDBA5C6-F438-457D-8BB6-5CD91ADCBC69}.Debug|Any CPU.ActiveCfg = Debug|Any CPU
		{DDDBA5C6-F438-457D-8BB6-5CD91ADCBC69}.Debug|Any CPU.Build.0 = Debug|Any CPU
		{DDDBA5C6-F438-457D-8BB6-5CD91ADCBC69}.Release|Any CPU.ActiveCfg = Release|Any CPU
		{DDDBA5C6-F438-457D-8BB6-5CD91ADCBC69}.Release|Any CPU.Build.0 = Release|Any CPU
	EndGlobalSection
	GlobalSection(SolutionProperties) = preSolution
		HideSolutionNode = FALSE
	EndGlobalSection
	GlobalSection(ExtensibilityGlobals) = postSolution
		SolutionGuid = {ABD1A286-0568-44CA-8470-C7F3C9BEE9C6}
	EndGlobalSection
EndGlobal
